
Microsoft Visual Studio Solution File, Format Version 12.00
# Visual Studio Version 17
VisualStudioVersion = 17.7.34003.232
MinimumVisualStudioVersion = 10.0.40219.1
Project("{FAE04EC0-301F-11D3-BF4B-00C04F79EFBC}") = "RSA", "Инф. без. №4 RSA\RSA.csproj", "{ECD13899-9768-4B8E-94F6-B83D8B701DC8}"
EndProject
Global
	GlobalSection(SolutionConfigurationPlatforms) = preSolution
		Debug|Any CPU = Debug|Any CPU
		Release|Any CPU = Release|Any CPU
	EndGlobalSection
	GlobalSection(ProjectConfigurationPlatforms) = postSolution
		{ECD13899-9768-4B8E-94F6-B83D8B701DC8}.Debug|Any CPU.ActiveCfg = Debug|Any CPU
		{ECD13899-9768-4B8E-94F6-B83D8B701DC8}.Debug|Any CPU.Build.0 = Debug|Any CPU
		{ECD13899-9768-4B8E-94F6-B83D8B701DC8}.Release|Any CPU.ActiveCfg = Release|Any CPU
		{ECD13899-9768-4B8E-94F6-B83D8B701DC8}.Release|Any CPU.Build.0 = Release|Any CPU
	EndGlobalSection
	GlobalSection(SolutionProperties) = preSolution
		HideSolutionNode = FALSE
	EndGlobalSection
	GlobalSection(ExtensibilityGlobals) = postSolution
		SolutionGuid = {33B8D8EE-1420-4884-B194-6236418BFA4D}
	EndGlobalSection
EndGlobal
